
Microsoft Visual Studio Solution File, Format Version 12.00
# Visual Studio 2013
VisualStudioVersion = 12.0.30110.0
MinimumVisualStudioVersion = 10.0.40219.1
Project("{FAE04EC0-301F-11D3-BF4B-00C04F79EFBC}") = "Cop.Theia.Client", "Cop.Theia.Client\Cop.Theia.Client.csproj", "{89857C8F-E254-4F96-8EE5-C0EB98609074}"
EndProject
Project("{FAE04EC0-301F-11D3-BF4B-00C04F79EFBC}") = "Cop.Theia.Contract", "Cop.Theia.Contract\Cop.Theia.Contract.csproj", "{E727CA53-5288-4E7E-828C-011803B0BEDD}"
EndProject
Project("{2150E333-8FDC-42A3-9474-1A3956D46DE8}") = "Build", "Build", "{D62434F9-BA31-472F-9CD7-0B0A5474CF7C}"
	ProjectSection(SolutionItems) = preProject
		Cop.Theia.Common\Cop.Theia.Module.targets = Cop.Theia.Common\Cop.Theia.Module.targets
	EndProjectSection
EndProject
Project("{2150E333-8FDC-42A3-9474-1A3956D46DE8}") = ".nuget", ".nuget", "{43CF542D-7F72-444A-A1A2-1443CCD577FB}"
	ProjectSection(SolutionItems) = preProject
		.nuget\NuGet.Config = .nuget\NuGet.Config
		.nuget\NuGet.exe = .nuget\NuGet.exe
		.nuget\NuGet.targets = .nuget\NuGet.targets
	EndProjectSection
EndProject
Project("{FAE04EC0-301F-11D3-BF4B-00C04F79EFBC}") = "Cop.Theia.Module.Fundamental", "Cop.Theia.Module.Fundamental\Cop.Theia.Module.Fundamental.csproj", "{ADEB3029-BA9D-419D-AA88-5802FD7C7B59}"
EndProject
Project("{FAE04EC0-301F-11D3-BF4B-00C04F79EFBC}") = "Cop.Theia.Module.Diagnostic", "Cop.Theia.Module.Diagnostic\Cop.Theia.Module.Diagnostic.csproj", "{911703B2-4DB7-4FEC-8F7B-FAAA8A03E207}"
EndProject
Project("{FAE04EC0-301F-11D3-BF4B-00C04F79EFBC}") = "Cop.Theia.Core", "Cop.Theia.Core\Cop.Theia.Core.csproj", "{B90C4C38-A600-44BB-840E-2A7D4B46618A}"
EndProject
Project("{FAE04EC0-301F-11D3-BF4B-00C04F79EFBC}") = "Cop.Theia.Core.Wpf", "Cop.Theia.Core.Wpf\Cop.Theia.Core.Wpf.csproj", "{199487EB-64E4-4D48-9E9A-3AFDDDADF041}"
EndProject
Project("{FAE04EC0-301F-11D3-BF4B-00C04F79EFBC}") = "Cop.Theia.Core.Theme", "Cop.Theia.Core.Theme\Cop.Theia.Core.Theme.csproj", "{2B8DE19C-BE3D-4516-AECB-01FC709F8ED8}"
EndProject
Project("{2150E333-8FDC-42A3-9474-1A3956D46DE8}") = "Core", "Core", "{A2EFAB8D-FFD9-4FAA-B2BD-482969E32799}"
EndProject
Global
	GlobalSection(SolutionConfigurationPlatforms) = preSolution
		Debug|Any CPU = Debug|Any CPU
		Release|Any CPU = Release|Any CPU
	EndGlobalSection
	GlobalSection(ProjectConfigurationPlatforms) = postSolution
		{89857C8F-E254-4F96-8EE5-C0EB98609074}.Debug|Any CPU.ActiveCfg = Debug|Any CPU
		{89857C8F-E254-4F96-8EE5-C0EB98609074}.Debug|Any CPU.Build.0 = Debug|Any CPU
		{89857C8F-E254-4F96-8EE5-C0EB98609074}.Release|Any CPU.ActiveCfg = Release|Any CPU
		{89857C8F-E254-4F96-8EE5-C0EB98609074}.Release|Any CPU.Build.0 = Release|Any CPU
		{E727CA53-5288-4E7E-828C-011803B0BEDD}.Debug|Any CPU.ActiveCfg = Debug|Any CPU
		{E727CA53-5288-4E7E-828C-011803B0BEDD}.Debug|Any CPU.Build.0 = Debug|Any CPU
		{E727CA53-5288-4E7E-828C-011803B0BEDD}.Release|Any CPU.ActiveCfg = Release|Any CPU
		{E727CA53-5288-4E7E-828C-011803B0BEDD}.Release|Any CPU.Build.0 = Release|Any CPU
		{ADEB3029-BA9D-419D-AA88-5802FD7C7B59}.Debug|Any CPU.ActiveCfg = Debug|Any CPU
		{ADEB3029-BA9D-419D-AA88-5802FD7C7B59}.Debug|Any CPU.Build.0 = Debug|Any CPU
		{ADEB3029-BA9D-419D-AA88-5802FD7C7B59}.Release|Any CPU.ActiveCfg = Release|Any CPU
		{ADEB3029-BA9D-419D-AA88-5802FD7C7B59}.Release|Any CPU.Build.0 = Release|Any CPU
		{911703B2-4DB7-4FEC-8F7B-FAAA8A03E207}.Debug|Any CPU.ActiveCfg = Debug|Any CPU
		{911703B2-4DB7-4FEC-8F7B-FAAA8A03E207}.Debug|Any CPU.Build.0 = Debug|Any CPU
		{911703B2-4DB7-4FEC-8F7B-FAAA8A03E207}.Release|Any CPU.ActiveCfg = Release|Any CPU
		{B90C4C38-A600-44BB-840E-2A7D4B46618A}.Debug|Any CPU.ActiveCfg = Debug|Any CPU
		{B90C4C38-A600-44BB-840E-2A7D4B46618A}.Debug|Any CPU.Build.0 = Debug|Any CPU
		{B90C4C38-A600-44BB-840E-2A7D4B46618A}.Release|Any CPU.ActiveCfg = Release|Any CPU
		{B90C4C38-A600-44BB-840E-2A7D4B46618A}.Release|Any CPU.Build.0 = Release|Any CPU
		{199487EB-64E4-4D48-9E9A-3AFDDDADF041}.Debug|Any CPU.ActiveCfg = Debug|Any CPU
		{199487EB-64E4-4D48-9E9A-3AFDDDADF041}.Debug|Any CPU.Build.0 = Debug|Any CPU
		{199487EB-64E4-4D48-9E9A-3AFDDDADF041}.Release|Any CPU.ActiveCfg = Release|Any CPU
		{199487EB-64E4-4D48-9E9A-3AFDDDADF041}.Release|Any CPU.Build.0 = Release|Any CPU
		{2B8DE19C-BE3D-4516-AECB-01FC709F8ED8}.Debug|Any CPU.ActiveCfg = Debug|Any CPU
		{2B8DE19C-BE3D-4516-AECB-01FC709F8ED8}.Debug|Any CPU.Build.0 = Debug|Any CPU
		{2B8DE19C-BE3D-4516-AECB-01FC709F8ED8}.Release|Any CPU.ActiveCfg = Release|Any CPU
		{2B8DE19C-BE3D-4516-AECB-01FC709F8ED8}.Release|Any CPU.Build.0 = Release|Any CPU
	EndGlobalSection
	GlobalSection(SolutionProperties) = preSolution
		HideSolutionNode = FALSE
	EndGlobalSection
	GlobalSection(NestedProjects) = preSolution
		{199487EB-64E4-4D48-9E9A-3AFDDDADF041} = {A2EFAB8D-FFD9-4FAA-B2BD-482969E32799}
		{2B8DE19C-BE3D-4516-AECB-01FC709F8ED8} = {A2EFAB8D-FFD9-4FAA-B2BD-482969E32799}
		{B90C4C38-A600-44BB-840E-2A7D4B46618A} = {A2EFAB8D-FFD9-4FAA-B2BD-482969E32799}
	EndGlobalSection
EndGlobal
